
Microsoft Visual Studio Solution File, Format Version 12.00
# Visual Studio Version 16
VisualStudioVersion = 16.0.29728.190
MinimumVisualStudioVersion = 10.0.40219.1
Project("{FAE04EC0-301F-11D3-BF4B-00C04F79EFBC}") = "PokerEvaluator", "PokerEvaluator\PokerEvaluator.csproj", "{F80A89EC-67DE-4C53-9A01-A4BFB58E5464}"
EndProject
Project("{FAE04EC0-301F-11D3-BF4B-00C04F79EFBC}") = "PokerEvaluator.UnitTests", "PokerEvaluator.UnitTests\PokerEvaluator.UnitTests.csproj", "{40222333-B72B-46AB-BA2C-28B9CBDAB60F}"
EndProject
Global
	GlobalSection(SolutionConfigurationPlatforms) = preSolution
		Debug|Any CPU = Debug|Any CPU
		Release|Any CPU = Release|Any CPU
	EndGlobalSection
	GlobalSection(ProjectConfigurationPlatforms) = postSolution
		{F80A89EC-67DE-4C53-9A01-A4BFB58E5464}.Debug|Any CPU.ActiveCfg = Debug|Any CPU
		{F80A89EC-67DE-4C53-9A01-A4BFB58E5464}.Debug|Any CPU.Build.0 = Debug|Any CPU
		{F80A89EC-67DE-4C53-9A01-A4BFB58E5464}.Release|Any CPU.ActiveCfg = Release|Any CPU
		{F80A89EC-67DE-4C53-9A01-A4BFB58E5464}.Release|Any CPU.Build.0 = Release|Any CPU
		{40222333-B72B-46AB-BA2C-28B9CBDAB60F}.Debug|Any CPU.ActiveCfg = Debug|Any CPU
		{40222333-B72B-46AB-BA2C-28B9CBDAB60F}.Debug|Any CPU.Build.0 = Debug|Any CPU
		{40222333-B72B-46AB-BA2C-28B9CBDAB60F}.Release|Any CPU.ActiveCfg = Release|Any CPU
		{40222333-B72B-46AB-BA2C-28B9CBDAB60F}.Release|Any CPU.Build.0 = Release|Any CPU
	EndGlobalSection
	GlobalSection(SolutionProperties) = preSolution
		HideSolutionNode = FALSE
	EndGlobalSection
	GlobalSection(ExtensibilityGlobals) = postSolution
		SolutionGuid = {F6996997-350A-4A58-AFC1-BEE158BEEF7D}
	EndGlobalSection
EndGlobal
